
Microsoft Visual Studio Solution File, Format Version 12.00
# Visual Studio Version 16
VisualStudioVersion = 16.0.29806.167
MinimumVisualStudioVersion = 10.0.40219.1
Project("{8BC9CEB8-8B4A-11D0-8D11-00A0C91BC942}") = "HTMLDecode", "HTMLDecode\HTMLDecode.vcxproj", "{7950D6A1-7093-4FAA-A802-C83CAD452739}"
EndProject
Project("{8BC9CEB8-8B4A-11D0-8D11-00A0C91BC942}") = "HTMLDecode-tests", "HTMLDecode-tests\HTMLDecode-tests.vcxproj", "{AEE59BA1-CF2E-4382-8866-D02DBE138EED}"
EndProject
Global
	GlobalSection(SolutionConfigurationPlatforms) = preSolution
		Debug|x64 = Debug|x64
		Debug|x86 = Debug|x86
		Release|x64 = Release|x64
		Release|x86 = Release|x86
	EndGlobalSection
	GlobalSection(ProjectConfigurationPlatforms) = postSolution
		{7950D6A1-7093-4FAA-A802-C83CAD452739}.Debug|x64.ActiveCfg = Debug|x64
		{7950D6A1-7093-4FAA-A802-C83CAD452739}.Debug|x64.Build.0 = Debug|x64
		{7950D6A1-7093-4FAA-A802-C83CAD452739}.Debug|x86.ActiveCfg = Debug|Win32
		{7950D6A1-7093-4FAA-A802-C83CAD452739}.Debug|x86.Build.0 = Debug|Win32
		{7950D6A1-7093-4FAA-A802-C83CAD452739}.Release|x64.ActiveCfg = Release|x64
		{7950D6A1-7093-4FAA-A802-C83CAD452739}.Release|x64.Build.0 = Release|x64
		{7950D6A1-7093-4FAA-A802-C83CAD452739}.Release|x86.ActiveCfg = Release|Win32
		{7950D6A1-7093-4FAA-A802-C83CAD452739}.Release|x86.Build.0 = Release|Win32
		{AEE59BA1-CF2E-4382-8866-D02DBE138EED}.Debug|x64.ActiveCfg = Debug|x64
		{AEE59BA1-CF2E-4382-8866-D02DBE138EED}.Debug|x64.Build.0 = Debug|x64
		{AEE59BA1-CF2E-4382-8866-D02DBE138EED}.Debug|x86.ActiveCfg = Debug|Win32
		{AEE59BA1-CF2E-4382-8866-D02DBE138EED}.Debug|x86.Build.0 = Debug|Win32
		{AEE59BA1-CF2E-4382-8866-D02DBE138EED}.Release|x64.ActiveCfg = Release|x64
		{AEE59BA1-CF2E-4382-8866-D02DBE138EED}.Release|x64.Build.0 = Release|x64
		{AEE59BA1-CF2E-4382-8866-D02DBE138EED}.Release|x86.ActiveCfg = Release|Win32
		{AEE59BA1-CF2E-4382-8866-D02DBE138EED}.Release|x86.Build.0 = Release|Win32
	EndGlobalSection
	GlobalSection(SolutionProperties) = preSolution
		HideSolutionNode = FALSE
	EndGlobalSection
	GlobalSection(ExtensibilityGlobals) = postSolution
		SolutionGuid = {E425738F-A251-4A30-A80D-94B6F5B202D3}
	EndGlobalSection
EndGlobal
